Microsoft Visual Studio Solution File, Format Version 11.00
# Visual Studio 2010
Project("{F184B08F-C81C-45F6-A57F-5ABD9991F28F}") = "MVVM_SelectedItem", "MVVM_SelectedItem.vbproj", "{D787C687-E25C-4BCA-AED2-5F91C1591CAF}"
EndProject
Global
	GlobalSection(SolutionConfigurationPlatforms) = preSolution
		Debug|Any CPU = Debug|Any CPU
		Release|Any CPU = Release|Any CPU
	EndGlobalSection
	GlobalSection(ProjectConfigurationPlatforms) = postSolution
		{D787C687-E25C-4BCA-AED2-5F91C1591CAF}.Debug|Any CPU.ActiveCfg = Debug|Any CPU
		{D787C687-E25C-4BCA-AED2-5F91C1591CAF}.Debug|Any CPU.Build.0 = Debug|Any CPU
		{D787C687-E25C-4BCA-AED2-5F91C1591CAF}.Release|Any CPU.ActiveCfg = Release|Any CPU
		{D787C687-E25C-4BCA-AED2-5F91C1591CAF}.Release|Any CPU.Build.0 = Release|Any CPU
	EndGlobalSection
	GlobalSection(SolutionProperties) = preSolution
		HideSolutionNode = FALSE
	EndGlobalSection
EndGlobal
